dependencies:
  espressif/esp-idf-cxx:
    component_hash: 2fa63e4e725f0c2d3dd6d99da8a91d404b4b49667088b1be0f336eb9c13ff17f
    source:
      service_url: https://api.components.espressif.com/
      type: service
    version: 1.0.2-beta
  idf:
    component_hash: null
    source:
      type: idf
    version: 5.2.0
manifest_hash: d7afe67110d6f374ba4bd8e8a30509cad83a1bc900aa3ba05299d1e71d8e22d6
target: esp32
version: 1.0.0
